
Microsoft Visual Studio Solution File, Format Version 12.00
# Visual Studio Version 17
VisualStudioVersion = 17.3.32922.545
MinimumVisualStudioVersion = 10.0.40219.1
Project("{8BC9CEB8-8B4A-11D0-8D11-00A0C91BC942}") = "MASM", "MASM\MASM.vcxproj", "{2D56C057-E7B9-4A28-8FFA-EF08F0112D75}"
EndProject
Project("{8BC9CEB8-8B4A-11D0-8D11-00A0C91BC942}") = "Hello World", "Hello World\Hello World.vcxproj", "{0ED1CBC9-5DC5-4650-9FFC-80DE35F39890}"
EndProject
Project("{8BC9CEB8-8B4A-11D0-8D11-00A0C91BC942}") = "SumOfNumbers", "Sum Of Numbers\Sum Of Numbers.vcxproj", "{5C6A224D-A1D0-4411-8439-7F1A7AF9BEE1}"
EndProject
Project("{8BC9CEB8-8B4A-11D0-8D11-00A0C91BC942}") = "Exchange", "Exchange\Exchange.vcxproj", "{3AC0C2FE-8CE4-43B6-AE4C-A13965273D3B}"
EndProject
Project("{8BC9CEB8-8B4A-11D0-8D11-00A0C91BC942}") = "FibonacciWithJmp", "Fibonacci\Fibonacci.vcxproj", "{1DE4FBC4-6186-408A-A5C8-CED573236B0E}"
EndProject
Project("{8BC9CEB8-8B4A-11D0-8D11-00A0C91BC942}") = "CallingFunctions", "CallingFunctions\CallingFunctions.vcxproj", "{FAC91500-37C9-4881-82E6-867AFAECE6F4}"
EndProject
Project("{8BC9CEB8-8B4A-11D0-8D11-00A0C91BC942}") = "FibonacciWithLoop", "FibonacciWithLoop\FibonacciWithLoop.vcxproj", "{F1DFCA4B-25D6-4BDE-8C49-556A345DCF0B}"
EndProject
Project("{8BC9CEB8-8B4A-11D0-8D11-00A0C91BC942}") = "Echo", "Echo\Echo.vcxproj", "{AF3125D6-9318-4695-8363-D93F4A491DED}"
EndProject
Project("{8BC9CEB8-8B4A-11D0-8D11-00A0C91BC942}") = "CallingPrintLine", "CallingPrintLine\CallingPrintLine.vcxproj", "{CE9B1ED5-5150-4D66-9477-A215BA05AAFA}"
EndProject
Project("{8BC9CEB8-8B4A-11D0-8D11-00A0C91BC942}") = "FibRecursive", "FibRecursive\FibRecursive.vcxproj", "{3276980C-F50D-42D7-97F6-E20E1FD8479B}"
EndProject
Project("{8BC9CEB8-8B4A-11D0-8D11-00A0C91BC942}") = "CSC2025Project", "CSC2025Project\CSC2025Project.vcxproj", "{2F22BE5C-CC03-49EC-AF10-F90CCDC621CE}"
EndProject
Global
	GlobalSection(SolutionConfigurationPlatforms) = preSolution
		Debug|x64 = Debug|x64
		Debug|x86 = Debug|x86
		Release|x64 = Release|x64
		Release|x86 = Release|x86
	EndGlobalSection
	GlobalSection(ProjectConfigurationPlatforms) = postSolution
		{2D56C057-E7B9-4A28-8FFA-EF08F0112D75}.Debug|x64.ActiveCfg = Debug|x64
		{2D56C057-E7B9-4A28-8FFA-EF08F0112D75}.Debug|x64.Build.0 = Debug|x64
		{2D56C057-E7B9-4A28-8FFA-EF08F0112D75}.Debug|x86.ActiveCfg = Debug|Win32
		{2D56C057-E7B9-4A28-8FFA-EF08F0112D75}.Debug|x86.Build.0 = Debug|Win32
		{2D56C057-E7B9-4A28-8FFA-EF08F0112D75}.Release|x64.ActiveCfg = Release|x64
		{2D56C057-E7B9-4A28-8FFA-EF08F0112D75}.Release|x64.Build.0 = Release|x64
		{2D56C057-E7B9-4A28-8FFA-EF08F0112D75}.Release|x86.ActiveCfg = Release|Win32
		{2D56C057-E7B9-4A28-8FFA-EF08F0112D75}.Release|x86.Build.0 = Release|Win32
		{0ED1CBC9-5DC5-4650-9FFC-80DE35F39890}.Debug|x64.ActiveCfg = Debug|x64
		{0ED1CBC9-5DC5-4650-9FFC-80DE35F39890}.Debug|x64.Build.0 = Debug|x64
		{0ED1CBC9-5DC5-4650-9FFC-80DE35F39890}.Debug|x86.ActiveCfg = Debug|Win32
		{0ED1CBC9-5DC5-4650-9FFC-80DE35F39890}.Debug|x86.Build.0 = Debug|Win32
		{0ED1CBC9-5DC5-4650-9FFC-80DE35F39890}.Release|x64.ActiveCfg = Release|x64
		{0ED1CBC9-5DC5-4650-9FFC-80DE35F39890}.Release|x64.Build.0 = Release|x64
		{0ED1CBC9-5DC5-4650-9FFC-80DE35F39890}.Release|x86.ActiveCfg = Release|Win32
		{0ED1CBC9-5DC5-4650-9FFC-80DE35F39890}.Release|x86.Build.0 = Release|Win32
		{5C6A224D-A1D0-4411-8439-7F1A7AF9BEE1}.Debug|x64.ActiveCfg = Debug|x64
		{5C6A224D-A1D0-4411-8439-7F1A7AF9BEE1}.Debug|x64.Build.0 = Debug|x64
		{5C6A224D-A1D0-4411-8439-7F1A7AF9BEE1}.Debug|x86.ActiveCfg = Debug|Win32
		{5C6A224D-A1D0-4411-8439-7F1A7AF9BEE1}.Debug|x86.Build.0 = Debug|Win32
		{5C6A224D-A1D0-4411-8439-7F1A7AF9BEE1}.Release|x64.ActiveCfg = Release|x64
		{5C6A224D-A1D0-4411-8439-7F1A7AF9BEE1}.Release|x64.Build.0 = Release|x64
		{5C6A224D-A1D0-4411-8439-7F1A7AF9BEE1}.Release|x86.ActiveCfg = Release|Win32
		{5C6A224D-A1D0-4411-8439-7F1A7AF9BEE1}.Release|x86.Build.0 = Release|Win32
		{3AC0C2FE-8CE4-43B6-AE4C-A13965273D3B}.Debug|x64.ActiveCfg = Debug|x64
		{3AC0C2FE-8CE4-43B6-AE4C-A13965273D3B}.Debug|x64.Build.0 = Debug|x64
		{3AC0C2FE-8CE4-43B6-AE4C-A13965273D3B}.Debug|x86.ActiveCfg = Debug|Win32
		{3AC0C2FE-8CE4-43B6-AE4C-A13965273D3B}.Debug|x86.Build.0 = Debug|Win32
		{3AC0C2FE-8CE4-43B6-AE4C-A13965273D3B}.Release|x64.ActiveCfg = Release|x64
		{3AC0C2FE-8CE4-43B6-AE4C-A13965273D3B}.Release|x64.Build.0 = Release|x64
		{3AC0C2FE-8CE4-43B6-AE4C-A13965273D3B}.Release|x86.ActiveCfg = Release|Win32
		{3AC0C2FE-8CE4-43B6-AE4C-A13965273D3B}.Release|x86.Build.0 = Release|Win32
		{1DE4FBC4-6186-408A-A5C8-CED573236B0E}.Debug|x64.ActiveCfg = Debug|x64
		{1DE4FBC4-6186-408A-A5C8-CED573236B0E}.Debug|x64.Build.0 = Debug|x64
		{1DE4FBC4-6186-408A-A5C8-CED573236B0E}.Debug|x86.ActiveCfg = Debug|Win32
		{1DE4FBC4-6186-408A-A5C8-CED573236B0E}.Debug|x86.Build.0 = Debug|Win32
		{1DE4FBC4-6186-408A-A5C8-CED573236B0E}.Release|x64.ActiveCfg = Release|x64
		{1DE4FBC4-6186-408A-A5C8-CED573236B0E}.Release|x64.Build.0 = Release|x64
		{1DE4FBC4-6186-408A-A5C8-CED573236B0E}.Release|x86.ActiveCfg = Release|Win32
		{1DE4FBC4-6186-408A-A5C8-CED573236B0E}.Release|x86.Build.0 = Release|Win32
		{FAC91500-37C9-4881-82E6-867AFAECE6F4}.Debug|x64.ActiveCfg = Debug|x64
		{FAC91500-37C9-4881-82E6-867AFAECE6F4}.Debug|x64.Build.0 = Debug|x64
		{FAC91500-37C9-4881-82E6-867AFAECE6F4}.Debug|x86.ActiveCfg = Debug|Win32
		{FAC91500-37C9-4881-82E6-867AFAECE6F4}.Debug|x86.Build.0 = Debug|Win32
		{FAC91500-37C9-4881-82E6-867AFAECE6F4}.Release|x64.ActiveCfg = Release|x64
		{FAC91500-37C9-4881-82E6-867AFAECE6F4}.Release|x64.Build.0 = Release|x64
		{FAC91500-37C9-4881-82E6-867AFAECE6F4}.Release|x86.ActiveCfg = Release|Win32
		{FAC91500-37C9-4881-82E6-867AFAECE6F4}.Release|x86.Build.0 = Release|Win32
		{F1DFCA4B-25D6-4BDE-8C49-556A345DCF0B}.Debug|x64.ActiveCfg = Debug|x64
		{F1DFCA4B-25D6-4BDE-8C49-556A345DCF0B}.Debug|x64.Build.0 = Debug|x64
		{F1DFCA4B-25D6-4BDE-8C49-556A345DCF0B}.Debug|x86.ActiveCfg = Debug|Win32
		{F1DFCA4B-25D6-4BDE-8C49-556A345DCF0B}.Debug|x86.Build.0 = Debug|Win32
		{F1DFCA4B-25D6-4BDE-8C49-556A345DCF0B}.Release|x64.ActiveCfg = Release|x64
		{F1DFCA4B-25D6-4BDE-8C49-556A345DCF0B}.Release|x64.Build.0 = Release|x64
		{F1DFCA4B-25D6-4BDE-8C49-556A345DCF0B}.Release|x86.ActiveCfg = Release|Win32
		{F1DFCA4B-25D6-4BDE-8C49-556A345DCF0B}.Release|x86.Build.0 = Release|Win32
		{AF3125D6-9318-4695-8363-D93F4A491DED}.Debug|x64.ActiveCfg = Debug|x64
		{AF3125D6-9318-4695-8363-D93F4A491DED}.Debug|x64.Build.0 = Debug|x64
		{AF3125D6-9318-4695-8363-D93F4A491DED}.Debug|x86.ActiveCfg = Debug|Win32
		{AF3125D6-9318-4695-8363-D93F4A491DED}.Debug|x86.Build.0 = Debug|Win32
		{AF3125D6-9318-4695-8363-D93F4A491DED}.Release|x64.ActiveCfg = Release|x64
		{AF3125D6-9318-4695-8363-D93F4A491DED}.Release|x64.Build.0 = Release|x64
		{AF3125D6-9318-4695-8363-D93F4A491DED}.Release|x86.ActiveCfg = Release|Win32
		{AF3125D6-9318-4695-8363-D93F4A491DED}.Release|x86.Build.0 = Release|Win32
		{CE9B1ED5-5150-4D66-9477-A215BA05AAFA}.Debug|x64.ActiveCfg = Debug|x64
		{CE9B1ED5-5150-4D66-9477-A215BA05AAFA}.Debug|x64.Build.0 = Debug|x64
		{CE9B1ED5-5150-4D66-9477-A215BA05AAFA}.Debug|x86.ActiveCfg = Debug|Win32
		{CE9B1ED5-5150-4D66-9477-A215BA05AAFA}.Debug|x86.Build.0 = Debug|Win32
		{CE9B1ED5-5150-4D66-9477-A215BA05AAFA}.Release|x64.ActiveCfg = Release|x64
		{CE9B1ED5-5150-4D66-9477-A215BA05AAFA}.Release|x64.Build.0 = Release|x64
		{CE9B1ED5-5150-4D66-9477-A215BA05AAFA}.Release|x86.ActiveCfg = Release|Win32
		{CE9B1ED5-5150-4D66-9477-A215BA05AAFA}.Release|x86.Build.0 = Release|Win32
		{3276980C-F50D-42D7-97F6-E20E1FD8479B}.Debug|x64.ActiveCfg = Debug|x64
		{3276980C-F50D-42D7-97F6-E20E1FD8479B}.Debug|x64.Build.0 = Debug|x64
		{3276980C-F50D-42D7-97F6-E20E1FD8479B}.Debug|x86.ActiveCfg = Debug|Win32
		{3276980C-F50D-42D7-97F6-E20E1FD8479B}.Debug|x86.Build.0 = Debug|Win32
		{3276980C-F50D-42D7-97F6-E20E1FD8479B}.Release|x64.ActiveCfg = Release|x64
		{3276980C-F50D-42D7-97F6-E20E1FD8479B}.Release|x64.Build.0 = Release|x64
		{3276980C-F50D-42D7-97F6-E20E1FD8479B}.Release|x86.ActiveCfg = Release|Win32
		{3276980C-F50D-42D7-97F6-E20E1FD8479B}.Release|x86.Build.0 = Release|Win32
		{2F22BE5C-CC03-49EC-AF10-F90CCDC621CE}.Debug|x64.ActiveCfg = Debug|x64
		{2F22BE5C-CC03-49EC-AF10-F90CCDC621CE}.Debug|x64.Build.0 = Debug|x64
		{2F22BE5C-CC03-49EC-AF10-F90CCDC621CE}.Debug|x86.ActiveCfg = Debug|Win32
		{2F22BE5C-CC03-49EC-AF10-F90CCDC621CE}.Debug|x86.Build.0 = Debug|Win32
		{2F22BE5C-CC03-49EC-AF10-F90CCDC621CE}.Release|x64.ActiveCfg = Release|x64
		{2F22BE5C-CC03-49EC-AF10-F90CCDC621CE}.Release|x64.Build.0 = Release|x64
		{2F22BE5C-CC03-49EC-AF10-F90CCDC621CE}.Release|x86.ActiveCfg = Release|Win32
		{2F22BE5C-CC03-49EC-AF10-F90CCDC621CE}.Release|x86.Build.0 = Release|Win32
	EndGlobalSection
	GlobalSection(SolutionProperties) = preSolution
		HideSolutionNode = FALSE
	EndGlobalSection
	GlobalSection(ExtensibilityGlobals) = postSolution
		SolutionGuid = {1B2ABD5A-6445-477A-9773-3FE2BF094D70}
	EndGlobalSection
EndGlobal
